<Solution>
  <Folder Name="/Solution Items/">
    <File Path="Directory.Packages.props" />
  </Folder>
  <Project Path="Public.Analysis.Console/Public.Analysis.Console.csproj" />
  <Project Path="Public.Frameworks/Public.Frameworks.csproj" />
  <Project Path="Public.Analysis.Data/Public.Analysis.Data.csproj" />
  <Project Path="Public.Analysis.Edgar/Public.Analysis.Edgar.csproj" />
</Solution>
