<Solution>
  <Folder Name="/Solution Items/">
    <File Path="Directory.Packages.props" />
  </Folder>
  <Project Path="Public.Analysis.Console/Public.Analysis.Console.csproj" />
  <Project Path="Public.Frameworks/Public.Frameworks.csproj" />
  <Project Path="PublicAnalysis.Data/PublicAnalysis.Data.csproj" />
  <Project Path="PublicAnalysis.Edgar/PublicAnalysis.Edgar.csproj" />
</Solution>
